
Microsoft Visual Studio Solution File, Format Version 12.00
# Visual Studio 2012
Project("{FAE04EC0-301F-11D3-BF4B-00C04F79EFBC}") = "StopWatch", "StopWatch\StopWatch.csproj", "{149BDF1C-5B56-46EE-A2D6-02E945B812EF}"
EndProject
Global
	GlobalSection(SolutionConfigurationPlatforms) = preSolution
		Debug|Any CPU = Debug|Any CPU
		Release|Any CPU = Release|Any CPU
	EndGlobalSection
	GlobalSection(ProjectConfigurationPlatforms) = postSolution
		{149BDF1C-5B56-46EE-A2D6-02E945B812EF}.Debug|Any CPU.ActiveCfg = Debug|Any CPU
		{149BDF1C-5B56-46EE-A2D6-02E945B812EF}.Debug|Any CPU.Build.0 = Debug|Any CPU
		{149BDF1C-5B56-46EE-A2D6-02E945B812EF}.Release|Any CPU.ActiveCfg = Release|Any CPU
		{149BDF1C-5B56-46EE-A2D6-02E945B812EF}.Release|Any CPU.Build.0 = Release|Any CPU
	EndGlobalSection
	GlobalSection(SolutionProperties) = preSolution
		HideSolutionNode = FALSE
	EndGlobalSection
EndGlobal
